{
  "name": "Task_Manager",
  "lockfileVersion": 3,
  "requires": true,
  "packages": {
    "": {
      "dependencies": {
        "@fontsource/source-sans-3": "^5.2.6",
        "admin-lte": "^4.0.0-beta3"
      }
    },
    "node_modules/@fontsource/source-sans-3": {
      "version": "5.2.6",
      "resolved": "https://registry.npmjs.org/@fontsource/source-sans-3/-/source-sans-3-5.2.6.tgz",
      "integrity": "sha512-YlydCYTMi3fKlMdImbz9kQ/Vg4EjczloYApMlqOrw63I9O44fvpysJwp4f1qINummQPupu2ka74oNn3hLwBXkQ==",
      "license": "OFL-1.1",
      "funding": {
        "url": "https://github.com/sponsors/ayuhito"
      }
    },
    "node_modules/admin-lte": {
      "version": "4.0.0-beta3",
      "resolved": "https://registry.npmjs.org/admin-lte/-/admin-lte-4.0.0-beta3.tgz",
      "integrity": "sha512-q2VoAOu1DtZ7z41M2gQ05VMNYkFCAMxFU+j/HUMwCOlr/e3VhO+qww2SGJw4OxBw5nZQ7YV78+wK2RiB7ConzQ==",
      "license": "MIT"
    }
  }
}
